
Microsoft Visual Studio Solution File, Format Version 12.00
# Visual Studio 15
VisualStudioVersion = 15.0.27703.2042
MinimumVisualStudioVersion = 10.0.40219.1
Project("{8BC9CEB8-8B4A-11D0-8D11-00A0C91BC942}") = "gitprojektadyn", "gitprojektadyn.vcxproj", "{60FE031E-1EC8-4B6B-89B8-B829DF1B888C}"
EndProject
Global
	GlobalSection(SolutionConfigurationPlatforms) = preSolution
		Debug|x64 = Debug|x64
		Debug|x86 = Debug|x86
		Release|x64 = Release|x64
		Release|x86 = Release|x86
	EndGlobalSection
	GlobalSection(ProjectConfigurationPlatforms) = postSolution
		{60FE031E-1EC8-4B6B-89B8-B829DF1B888C}.Debug|x64.ActiveCfg = Debug|x64
		{60FE031E-1EC8-4B6B-89B8-B829DF1B888C}.Debug|x64.Build.0 = Debug|x64
		{60FE031E-1EC8-4B6B-89B8-B829DF1B888C}.Debug|x86.ActiveCfg = Debug|Win32
		{60FE031E-1EC8-4B6B-89B8-B829DF1B888C}.Debug|x86.Build.0 = Debug|Win32
		{60FE031E-1EC8-4B6B-89B8-B829DF1B888C}.Release|x64.ActiveCfg = Release|x64
		{60FE031E-1EC8-4B6B-89B8-B829DF1B888C}.Release|x64.Build.0 = Release|x64
		{60FE031E-1EC8-4B6B-89B8-B829DF1B888C}.Release|x86.ActiveCfg = Release|Win32
		{60FE031E-1EC8-4B6B-89B8-B829DF1B888C}.Release|x86.Build.0 = Release|Win32
	EndGlobalSection
	GlobalSection(SolutionProperties) = preSolution
		HideSolutionNode = FALSE
	EndGlobalSection
	GlobalSection(ExtensibilityGlobals) = postSolution
		SolutionGuid = {30B1EC74-9A82-47E0-947D-8187FDFB1B1B}
	EndGlobalSection
EndGlobal
